
Microsoft Visual Studio Solution File, Format Version 12.00
# Visual Studio 15
VisualStudioVersion = 15.0.26430.16
MinimumVisualStudioVersion = 10.0.40219.1
Project("{FAE04EC0-301F-11D3-BF4B-00C04F79EFBC}") = "Ralf.ContestLogging.Common", "Ralf.ContestLogging.Common\Ralf.ContestLogging.Common.csproj", "{E4BA1230-6C32-41E4-83E5-ECA683ED85B5}"
EndProject
Project("{FAE04EC0-301F-11D3-BF4B-00C04F79EFBC}") = "Ralf.HamCallUsCallsignRepository", "Ralf.HamCallUsCallsignRepository\Ralf.HamCallUsCallsignRepository.csproj", "{494F40C8-DD98-4A66-B93F-2A63F2E003C3}"
EndProject
Project("{FAE04EC0-301F-11D3-BF4B-00C04F79EFBC}") = "Ralf.Multipliers.States", "Ralf.Multipliers.States\Ralf.Multipliers.States.csproj", "{C13A4D03-CB16-42CC-BCD4-A02B2E3CA69B}"
EndProject
Project("{FAE04EC0-301F-11D3-BF4B-00C04F79EFBC}") = "Ralf.MaidenheadCalculator", "Ralf.MaidenheadCalculator\Ralf.MaidenheadCalculator.csproj", "{47473ABD-8D8A-4A90-9C93-E6C9CA4A0B06}"
EndProject
Project("{FAE04EC0-301F-11D3-BF4B-00C04F79EFBC}") = "Ralf.Multipliers.CanadianProvinces", "Ralf.Multipliers.CanadianProvinces\Ralf.Multipliers.CanadianProvinces.csproj", "{F1E348B8-E658-4DCB-80A6-81B630E499E1}"
EndProject
Project("{FAE04EC0-301F-11D3-BF4B-00C04F79EFBC}") = "Ralf.Multipliers.Counties", "Ralf.Multipliers.Counties\Ralf.Multipliers.Counties.csproj", "{423F99CC-0527-4550-9610-28CA157AED70}"
EndProject
Project("{FAE04EC0-301F-11D3-BF4B-00C04F79EFBC}") = "Ralf.Multipliers.MexicanStates", "Ralf.Multipliers.MexicanStates\Ralf.Multipliers.MexicanStates.csproj", "{168FE785-06A0-411E-915E-D53C34A57B6C}"
EndProject
Project("{FAE04EC0-301F-11D3-BF4B-00C04F79EFBC}") = "Ralf.Multipliers.Sections", "Ralf.Multipliers.Sections\Ralf.Multipliers.Sections.csproj", "{6F755991-426E-4370-8111-033F5F7918F1}"
EndProject
Project("{FAE04EC0-301F-11D3-BF4B-00C04F79EFBC}") = "Ralf.Multipliers.Zones", "Ralf.Multipliers.Zones\Ralf.Multipliers.Zones.csproj", "{50C4E363-BA81-41D2-82A7-04DA39859E2E}"
EndProject
Project("{FAE04EC0-301F-11D3-BF4B-00C04F79EFBC}") = "Ralf.PrefixParsing", "Ralf.PrefixParsing\Ralf.PrefixParsing.csproj", "{9953B222-0B15-4770-8C8E-14B8F639CF3D}"
EndProject
Project("{FAE04EC0-301F-11D3-BF4B-00C04F79EFBC}") = "WinKeyer3", "WinKeyer3\WinKeyer3.csproj", "{69809B16-054F-479F-985B-02B15B7896D3}"
EndProject
Project("{FAE04EC0-301F-11D3-BF4B-00C04F79EFBC}") = "YaesuXcvr", "YaesuXcvr\YaesuXcvr.csproj", "{FD5B83CE-E5D9-41BC-94EA-3C3730F1E6DD}"
EndProject
Project("{FAE04EC0-301F-11D3-BF4B-00C04F79EFBC}") = "Ralf.YaesuModule", "Ralf.YaesuModule\Ralf.YaesuModule.csproj", "{FF28DCF7-9C29-4F53-A3D4-0B6900FCF078}"
EndProject
Project("{FAE04EC0-301F-11D3-BF4B-00C04F79EFBC}") = "Ralf.XmlLogRepository", "Ralf.XmlLogRepository\Ralf.XmlLogRepository.csproj", "{DDC7471F-1ACF-4D49-A06C-E73419463393}"
EndProject
Project("{FAE04EC0-301F-11D3-BF4B-00C04F79EFBC}") = "Ralf.WinKeyer3Module", "Ralf.WinKeyer3Module\Ralf.WinKeyer3Module.csproj", "{E0FDED9E-AF2C-49C7-BFC6-AFC2AA04306F}"
EndProject
Project("{FAE04EC0-301F-11D3-BF4B-00C04F79EFBC}") = "Ralf.ContestShell", "Ralf.ContestShell\Ralf.ContestShell.csproj", "{755CB995-1FB8-4BE1-B8AC-F4FA19FAF744}"
EndProject
Project("{FAE04EC0-301F-11D3-BF4B-00C04F79EFBC}") = "CqDxModule", "CqDxModule\CqDxModule.csproj", "{8ADE2128-01A0-484D-8EBC-975BA3561205}"
EndProject
Project("{FAE04EC0-301F-11D3-BF4B-00C04F79EFBC}") = "Ralf.LoggingWebService", "Ralf.LoggingWebService\Ralf.LoggingWebService.csproj", "{31A64EE4-46F1-4381-9B38-B9582B3C3814}"
EndProject
Project("{FAE04EC0-301F-11D3-BF4B-00C04F79EFBC}") = "ArrlDxModule", "ArrlDxModule\ArrlDxModule.csproj", "{B1460DFC-8A93-41D5-BC27-D3011213B27C}"
EndProject
Project("{FAE04EC0-301F-11D3-BF4B-00C04F79EFBC}") = "IaruHfModule", "IaruHfModule\IaruHfModule.csproj", "{703248D3-288A-4774-BD60-512FEA3B9C39}"
EndProject
Project("{FAE04EC0-301F-11D3-BF4B-00C04F79EFBC}") = "Arrl10MModule", "Arrl10MModule\Arrl10MModule.csproj", "{9D74DA15-D534-481E-B70C-54F26BF40988}"
EndProject
Project("{FAE04EC0-301F-11D3-BF4B-00C04F79EFBC}") = "WorkedAllGermanyModule", "WorkedAllGermanyModule\WorkedAllGermanyModule.csproj", "{1DA9F2EB-4CD0-45CD-883A-F9ED90025B09}"
EndProject
Project("{FAE04EC0-301F-11D3-BF4B-00C04F79EFBC}") = "StewPerryModule", "StewPerryModule\StewPerryModule.csproj", "{2566B55A-BF66-43D5-9857-A9D0E00A660D}"
EndProject
Project("{FAE04EC0-301F-11D3-BF4B-00C04F79EFBC}") = "SpDxModule", "SpDxModule\SpDxModule.csproj", "{917E77A1-EDA3-4782-86E8-6D53B61A1C73}"
EndProject
Project("{FAE04EC0-301F-11D3-BF4B-00C04F79EFBC}") = "KingOfSpainDxModule", "KingOfSpainDxModule\KingOfSpainDxModule.csproj", "{151F5ABE-35C6-4B9A-B3B9-C8966543E6EA}"
EndProject
Project("{FAE04EC0-301F-11D3-BF4B-00C04F79EFBC}") = "OkOmDxModule", "OkOmDxModule\OkOmDxModule.csproj", "{C354B9B8-6BF5-48F4-B6DB-DE2DFB82F849}"
EndProject
Project("{2150E333-8FDC-42A3-9474-1A3956D46DE8}") = "DxContests", "DxContests", "{9231F0E1-BF81-47E7-8B0F-3A7A4701B190}"
EndProject
Project("{2150E333-8FDC-42A3-9474-1A3956D46DE8}") = "QsoParties", "QsoParties", "{2C7C300A-138E-48F5-8323-52EA5A6108A6}"
EndProject
Project("{FAE04EC0-301F-11D3-BF4B-00C04F79EFBC}") = "LzDxModule", "LzDxModule\LzDxModule.csproj", "{590B4300-6D61-4249-84EA-30B1A75DA08E}"
EndProject
Project("{FAE04EC0-301F-11D3-BF4B-00C04F79EFBC}") = "Ralf.DxResolutionRepository.Afreet", "Ralf.DxResolutionRepository.Afreet\Ralf.DxResolutionRepository.Afreet.csproj", "{492EADDF-43CF-4D5F-80A5-9327113485DF}"
EndProject
Project("{FAE04EC0-301F-11D3-BF4B-00C04F79EFBC}") = "CqWpxModule", "CqWpxModule\CqWpxModule.csproj", "{6C8FA543-7A8E-40F2-921A-9496A9554ED3}"
EndProject
Project("{FAE04EC0-301F-11D3-BF4B-00C04F79EFBC}") = "Cq160MModule", "Cq160MModule\Cq160MModule.csproj", "{42AF7932-D898-44F5-B3FE-212BC55243AD}"
EndProject
Project("{FAE04EC0-301F-11D3-BF4B-00C04F79EFBC}") = "AllAsiaDxModule", "AllAsiaDxModule\AllAsiaDxModule.csproj", "{E68560E1-A095-432E-9A39-04F2191D90F3}"
EndProject
Project("{FAE04EC0-301F-11D3-BF4B-00C04F79EFBC}") = "Arrl160MModule", "Arrl160MModule\Arrl160MModule.csproj", "{FEA754E6-9299-4363-B090-B8AD657DC5E7}"
EndProject
Project("{FAE04EC0-301F-11D3-BF4B-00C04F79EFBC}") = "ArrlVhfModule", "ArrlVhfModule\ArrlVhfModule.csproj", "{775AB703-02B6-4615-BBB7-6ACE8C9D27DA}"
EndProject
Project("{FAE04EC0-301F-11D3-BF4B-00C04F79EFBC}") = "CqVhfModule", "CqVhfModule\CqVhfModule.csproj", "{DD4DD094-ED02-4402-B24F-19391114ECA2}"
EndProject
Project("{FAE04EC0-301F-11D3-BF4B-00C04F79EFBC}") = "AlabamaQPModule", "AlabamaQPModule\AlabamaQPModule.csproj", "{983CE938-2308-449B-9624-35B14A7AF399}"
EndProject
Project("{FAE04EC0-301F-11D3-BF4B-00C04F79EFBC}") = "GeorgiaQPModule", "GeorgiaQPModule\GeorgiaQPModule.csproj", "{875240FE-FC29-490B-84D5-35FB5E6FA43D}"
EndProject
Project("{FAE04EC0-301F-11D3-BF4B-00C04F79EFBC}") = "CaliforniaQPModule", "CaliforniaQPModule\CaliforniaQPModule.csproj", "{646E703E-3857-409B-9AE0-955103836D37}"
EndProject
Project("{FAE04EC0-301F-11D3-BF4B-00C04F79EFBC}") = "TexasQPModule", "TexasQPModule\TexasQPModule.csproj", "{83D88868-1D1C-4961-920C-2A44FABA8BD6}"
EndProject
Project("{FAE04EC0-301F-11D3-BF4B-00C04F79EFBC}") = "OhioQPModule", "OhioQPModule\OhioQPModule.csproj", "{D065D300-8423-4583-81B5-A184C74D03B9}"
EndProject
Project("{FAE04EC0-301F-11D3-BF4B-00C04F79EFBC}") = "NewJerseyQPModule", "NewJerseyQPModule\NewJerseyQPModule.csproj", "{113C4985-1216-4FD5-A273-9817E8309B5D}"
EndProject
Project("{FAE04EC0-301F-11D3-BF4B-00C04F79EFBC}") = "ColoradoQPModule", "ColoradoQPModule\ColoradoQPModule.csproj", "{BCD46A64-E2AB-487D-83DF-07FEBA7F10BE}"
EndProject
Project("{FAE04EC0-301F-11D3-BF4B-00C04F79EFBC}") = "WisconsinQPModule", "WisconsinQPModule\WisconsinQPModule.csproj", "{DD428BC2-A0B0-44F7-9CC3-FDBDCD04F078}"
EndProject
Project("{FAE04EC0-301F-11D3-BF4B-00C04F79EFBC}") = "NewEnglandQPModule", "NewEnglandQPModule\NewEnglandQPModule.csproj", "{01C7FC74-CD8A-4EA3-8618-3DB889BA8AFC}"
EndProject
Project("{FAE04EC0-301F-11D3-BF4B-00C04F79EFBC}") = "LouisianaQPModule", "LouisianaQPModule\LouisianaQPModule.csproj", "{2E608282-9CAC-4E28-B930-7DE8BD2D0EF2}"
EndProject
Project("{FAE04EC0-301F-11D3-BF4B-00C04F79EFBC}") = "NebraskaQPModule", "NebraskaQPModule\NebraskaQPModule.csproj", "{2AE32ADA-B71B-4515-B25D-30A81EE3B5B5}"
EndProject
Project("{FAE04EC0-301F-11D3-BF4B-00C04F79EFBC}") = "FloridaQPModule", "FloridaQPModule\FloridaQPModule.csproj", "{0041471F-15CD-436C-9C9F-DD946E4B7A54}"
EndProject
Project("{FAE04EC0-301F-11D3-BF4B-00C04F79EFBC}") = "SouthCarolinaQPModule", "SouthCarolinaQPModule\SouthCarolinaQPModule.csproj", "{6E1D342F-7C5D-48AD-BB4C-3EEBA9F5FDF3}"
EndProject
Project("{FAE04EC0-301F-11D3-BF4B-00C04F79EFBC}") = "MississippiQPModule", "MississippiQPModule\MississippiQPModule.csproj", "{1FC0CFD9-0EDC-47B4-A80D-450A67C70436}"
EndProject
Project("{FAE04EC0-301F-11D3-BF4B-00C04F79EFBC}") = "MissouriQPModule", "MissouriQPModule\MissouriQPModule.csproj", "{BB901D9E-3557-42EA-8AD4-BB30ADC4BA4F}"
EndProject
Project("{FAE04EC0-301F-11D3-BF4B-00C04F79EFBC}") = "IllinoisQPModule", "IllinoisQPModule\IllinoisQPModule.csproj", "{4D64311D-2029-4E45-ACD7-6DBB61CFC8D1}"
EndProject
Project("{FAE04EC0-301F-11D3-BF4B-00C04F79EFBC}") = "ArkansasQPModule", "ArkansasQPModule\ArkansasQPModule.csproj", "{35FBCDE8-BA92-4902-9B13-BACF345BE5E7}"
EndProject
Project("{FAE04EC0-301F-11D3-BF4B-00C04F79EFBC}") = "HawaiiQPModule", "HawaiiQPModule\HawaiiQPModule.csproj", "{3A241A03-041F-490D-B1C7-0CD759D912A6}"
EndProject
Project("{FAE04EC0-301F-11D3-BF4B-00C04F79EFBC}") = "IdahoQPModule", "IdahoQPModule\IdahoQPModule.csproj", "{13ED3E93-C15E-4B4F-8084-DE331CC08D44}"
EndProject
Project("{FAE04EC0-301F-11D3-BF4B-00C04F79EFBC}") = "KentuckyQPModule", "KentuckyQPModule\KentuckyQPModule.csproj", "{B6C2DC07-A061-46FD-933D-908D9F1E4817}"
EndProject
Project("{FAE04EC0-301F-11D3-BF4B-00C04F79EFBC}") = "IndianaQPModule", "IndianaQPModule\IndianaQPModule.csproj", "{F6B251A4-BC0F-4C48-8221-EC5B9DFC8139}"
EndProject
Project("{FAE04EC0-301F-11D3-BF4B-00C04F79EFBC}") = "KansasQPModule", "KansasQPModule\KansasQPModule.csproj", "{FEE50953-E080-4C79-ADF9-9B32E194BE39}"
EndProject
Project("{FAE04EC0-301F-11D3-BF4B-00C04F79EFBC}") = "MaineQPModule", "MaineQPModule\MaineQPModule.csproj", "{F32D56F4-1D85-4430-BF8B-FBA5BB67D3F6}"
EndProject
Project("{FAE04EC0-301F-11D3-BF4B-00C04F79EFBC}") = "MontanaQPModule", "MontanaQPModule\MontanaQPModule.csproj", "{DD272F18-C84D-430C-8554-A184EA94DD6F}"
EndProject
Project("{FAE04EC0-301F-11D3-BF4B-00C04F79EFBC}") = "NewHampshireQPModule", "NewHampshireQPModule\NewHampshireQPModule.csproj", "{AD0CE442-F9A9-4FDF-B214-DD90A211F8AD}"
EndProject
Project("{FAE04EC0-301F-11D3-BF4B-00C04F79EFBC}") = "NewMexicoQPModule", "NewMexicoQPModule\NewMexicoQPModule.csproj", "{B4AA29B3-7EBB-4D1E-A9DC-98BEACC41482}"
EndProject
Project("{FAE04EC0-301F-11D3-BF4B-00C04F79EFBC}") = "NewYorkQPModule", "NewYorkQPModule\NewYorkQPModule.csproj", "{D79249CB-6924-462D-AA80-BCBB5350E627}"
EndProject
Project("{FAE04EC0-301F-11D3-BF4B-00C04F79EFBC}") = "NorthCarolinaQPModule", "NorthCarolinaQPModule\NorthCarolinaQPModule.csproj", "{B1C54395-499E-4175-9170-9C5EBA89B7CD}"
EndProject
Project("{FAE04EC0-301F-11D3-BF4B-00C04F79EFBC}") = "NorthDakotaQPModule", "NorthDakotaQPModule\NorthDakotaQPModule.csproj", "{D7716379-2012-4E56-9853-CDF7B8C2D5A4}"
EndProject
Project("{FAE04EC0-301F-11D3-BF4B-00C04F79EFBC}") = "TennesseeQPModule", "TennesseeQPModule\TennesseeQPModule.csproj", "{38ADAD5A-A98C-4585-86D4-AE99CCEE03CD}"
EndProject
Project("{FAE04EC0-301F-11D3-BF4B-00C04F79EFBC}") = "Ralf.ScratchPadMemory", "Ralf.ScratchPadMemory\Ralf.ScratchPadMemory.csproj", "{00FF6369-D64C-4A32-BA54-1821AD473279}"
EndProject
Project("{FAE04EC0-301F-11D3-BF4B-00C04F79EFBC}") = "OklahomaQPModule", "OklahomaQPModule\OklahomaQPModule.csproj", "{5F7E0A9D-9AAE-456A-B41F-C8258ADA36C7}"
EndProject
Project("{FAE04EC0-301F-11D3-BF4B-00C04F79EFBC}") = "Ralf.QrzCallsignRepository", "Ralf.QrzCallsignRepository\Ralf.QrzCallsignRepository.csproj", "{5B6F1030-9A2D-4EAB-A30E-C12E78ACFE16}"
EndProject
Global
	GlobalSection(SolutionConfigurationPlatforms) = preSolution
		Debug|Any CPU = Debug|Any CPU
		Release|Any CPU = Release|Any CPU
	EndGlobalSection
	GlobalSection(ProjectConfigurationPlatforms) = postSolution
		{E4BA1230-6C32-41E4-83E5-ECA683ED85B5}.Debug|Any CPU.ActiveCfg = Debug|Any CPU
		{E4BA1230-6C32-41E4-83E5-ECA683ED85B5}.Debug|Any CPU.Build.0 = Debug|Any CPU
		{E4BA1230-6C32-41E4-83E5-ECA683ED85B5}.Release|Any CPU.ActiveCfg = Release|Any CPU
		{E4BA1230-6C32-41E4-83E5-ECA683ED85B5}.Release|Any CPU.Build.0 = Release|Any CPU
		{494F40C8-DD98-4A66-B93F-2A63F2E003C3}.Debug|Any CPU.ActiveCfg = Debug|Any CPU
		{494F40C8-DD98-4A66-B93F-2A63F2E003C3}.Debug|Any CPU.Build.0 = Debug|Any CPU
		{494F40C8-DD98-4A66-B93F-2A63F2E003C3}.Release|Any CPU.ActiveCfg = Release|Any CPU
		{494F40C8-DD98-4A66-B93F-2A63F2E003C3}.Release|Any CPU.Build.0 = Release|Any CPU
		{C13A4D03-CB16-42CC-BCD4-A02B2E3CA69B}.Debug|Any CPU.ActiveCfg = Debug|Any CPU
		{C13A4D03-CB16-42CC-BCD4-A02B2E3CA69B}.Debug|Any CPU.Build.0 = Debug|Any CPU
		{C13A4D03-CB16-42CC-BCD4-A02B2E3CA69B}.Release|Any CPU.ActiveCfg = Release|Any CPU
		{C13A4D03-CB16-42CC-BCD4-A02B2E3CA69B}.Release|Any CPU.Build.0 = Release|Any CPU
		{47473ABD-8D8A-4A90-9C93-E6C9CA4A0B06}.Debug|Any CPU.ActiveCfg = Debug|Any CPU
		{47473ABD-8D8A-4A90-9C93-E6C9CA4A0B06}.Debug|Any CPU.Build.0 = Debug|Any CPU
		{47473ABD-8D8A-4A90-9C93-E6C9CA4A0B06}.Release|Any CPU.ActiveCfg = Release|Any CPU
		{47473ABD-8D8A-4A90-9C93-E6C9CA4A0B06}.Release|Any CPU.Build.0 = Release|Any CPU
		{F1E348B8-E658-4DCB-80A6-81B630E499E1}.Debug|Any CPU.ActiveCfg = Debug|Any CPU
		{F1E348B8-E658-4DCB-80A6-81B630E499E1}.Debug|Any CPU.Build.0 = Debug|Any CPU
		{F1E348B8-E658-4DCB-80A6-81B630E499E1}.Release|Any CPU.ActiveCfg = Release|Any CPU
		{F1E348B8-E658-4DCB-80A6-81B630E499E1}.Release|Any CPU.Build.0 = Release|Any CPU
		{423F99CC-0527-4550-9610-28CA157AED70}.Debug|Any CPU.ActiveCfg = Debug|Any CPU
		{423F99CC-0527-4550-9610-28CA157AED70}.Debug|Any CPU.Build.0 = Debug|Any CPU
		{423F99CC-0527-4550-9610-28CA157AED70}.Release|Any CPU.ActiveCfg = Release|Any CPU
		{423F99CC-0527-4550-9610-28CA157AED70}.Release|Any CPU.Build.0 = Release|Any CPU
		{168FE785-06A0-411E-915E-D53C34A57B6C}.Debug|Any CPU.ActiveCfg = Debug|Any CPU
		{168FE785-06A0-411E-915E-D53C34A57B6C}.Debug|Any CPU.Build.0 = Debug|Any CPU
		{168FE785-06A0-411E-915E-D53C34A57B6C}.Release|Any CPU.ActiveCfg = Release|Any CPU
		{168FE785-06A0-411E-915E-D53C34A57B6C}.Release|Any CPU.Build.0 = Release|Any CPU
		{6F755991-426E-4370-8111-033F5F7918F1}.Debug|Any CPU.ActiveCfg = Debug|Any CPU
		{6F755991-426E-4370-8111-033F5F7918F1}.Debug|Any CPU.Build.0 = Debug|Any CPU
		{6F755991-426E-4370-8111-033F5F7918F1}.Release|Any CPU.ActiveCfg = Release|Any CPU
		{6F755991-426E-4370-8111-033F5F7918F1}.Release|Any CPU.Build.0 = Release|Any CPU
		{50C4E363-BA81-41D2-82A7-04DA39859E2E}.Debug|Any CPU.ActiveCfg = Debug|Any CPU
		{50C4E363-BA81-41D2-82A7-04DA39859E2E}.Debug|Any CPU.Build.0 = Debug|Any CPU
		{50C4E363-BA81-41D2-82A7-04DA39859E2E}.Release|Any CPU.ActiveCfg = Release|Any CPU
		{50C4E363-BA81-41D2-82A7-04DA39859E2E}.Release|Any CPU.Build.0 = Release|Any CPU
		{9953B222-0B15-4770-8C8E-14B8F639CF3D}.Debug|Any CPU.ActiveCfg = Debug|Any CPU
		{9953B222-0B15-4770-8C8E-14B8F639CF3D}.Debug|Any CPU.Build.0 = Debug|Any CPU
		{9953B222-0B15-4770-8C8E-14B8F639CF3D}.Release|Any CPU.ActiveCfg = Release|Any CPU
		{9953B222-0B15-4770-8C8E-14B8F639CF3D}.Release|Any CPU.Build.0 = Release|Any CPU
		{69809B16-054F-479F-985B-02B15B7896D3}.Debug|Any CPU.ActiveCfg = Debug|Any CPU
		{69809B16-054F-479F-985B-02B15B7896D3}.Debug|Any CPU.Build.0 = Debug|Any CPU
		{69809B16-054F-479F-985B-02B15B7896D3}.Release|Any CPU.ActiveCfg = Release|Any CPU
		{69809B16-054F-479F-985B-02B15B7896D3}.Release|Any CPU.Build.0 = Release|Any CPU
		{FD5B83CE-E5D9-41BC-94EA-3C3730F1E6DD}.Debug|Any CPU.ActiveCfg = Debug|Any CPU
		{FD5B83CE-E5D9-41BC-94EA-3C3730F1E6DD}.Debug|Any CPU.Build.0 = Debug|Any CPU
		{FD5B83CE-E5D9-41BC-94EA-3C3730F1E6DD}.Release|Any CPU.ActiveCfg = Release|Any CPU
		{FD5B83CE-E5D9-41BC-94EA-3C3730F1E6DD}.Release|Any CPU.Build.0 = Release|Any CPU
		{FF28DCF7-9C29-4F53-A3D4-0B6900FCF078}.Debug|Any CPU.ActiveCfg = Debug|Any CPU
		{FF28DCF7-9C29-4F53-A3D4-0B6900FCF078}.Debug|Any CPU.Build.0 = Debug|Any CPU
		{FF28DCF7-9C29-4F53-A3D4-0B6900FCF078}.Release|Any CPU.ActiveCfg = Release|Any CPU
		{FF28DCF7-9C29-4F53-A3D4-0B6900FCF078}.Release|Any CPU.Build.0 = Release|Any CPU
		{DDC7471F-1ACF-4D49-A06C-E73419463393}.Debug|Any CPU.ActiveCfg = Debug|Any CPU
		{DDC7471F-1ACF-4D49-A06C-E73419463393}.Debug|Any CPU.Build.0 = Debug|Any CPU
		{DDC7471F-1ACF-4D49-A06C-E73419463393}.Release|Any CPU.ActiveCfg = Release|Any CPU
		{DDC7471F-1ACF-4D49-A06C-E73419463393}.Release|Any CPU.Build.0 = Release|Any CPU
		{E0FDED9E-AF2C-49C7-BFC6-AFC2AA04306F}.Debug|Any CPU.ActiveCfg = Debug|Any CPU
		{E0FDED9E-AF2C-49C7-BFC6-AFC2AA04306F}.Debug|Any CPU.Build.0 = Debug|Any CPU
		{E0FDED9E-AF2C-49C7-BFC6-AFC2AA04306F}.Release|Any CPU.ActiveCfg = Release|Any CPU
		{E0FDED9E-AF2C-49C7-BFC6-AFC2AA04306F}.Release|Any CPU.Build.0 = Release|Any CPU
		{755CB995-1FB8-4BE1-B8AC-F4FA19FAF744}.Debug|Any CPU.ActiveCfg = Debug|Any CPU
		{755CB995-1FB8-4BE1-B8AC-F4FA19FAF744}.Debug|Any CPU.Build.0 = Debug|Any CPU
		{755CB995-1FB8-4BE1-B8AC-F4FA19FAF744}.Release|Any CPU.ActiveCfg = Release|Any CPU
		{755CB995-1FB8-4BE1-B8AC-F4FA19FAF744}.Release|Any CPU.Build.0 = Release|Any CPU
		{8ADE2128-01A0-484D-8EBC-975BA3561205}.Debug|Any CPU.ActiveCfg = Debug|Any CPU
		{8ADE2128-01A0-484D-8EBC-975BA3561205}.Debug|Any CPU.Build.0 = Debug|Any CPU
		{8ADE2128-01A0-484D-8EBC-975BA3561205}.Release|Any CPU.ActiveCfg = Release|Any CPU
		{8ADE2128-01A0-484D-8EBC-975BA3561205}.Release|Any CPU.Build.0 = Release|Any CPU
		{31A64EE4-46F1-4381-9B38-B9582B3C3814}.Debug|Any CPU.ActiveCfg = Debug|Any CPU
		{31A64EE4-46F1-4381-9B38-B9582B3C3814}.Debug|Any CPU.Build.0 = Debug|Any CPU
		{31A64EE4-46F1-4381-9B38-B9582B3C3814}.Release|Any CPU.ActiveCfg = Release|Any CPU
		{31A64EE4-46F1-4381-9B38-B9582B3C3814}.Release|Any CPU.Build.0 = Release|Any CPU
		{B1460DFC-8A93-41D5-BC27-D3011213B27C}.Debug|Any CPU.ActiveCfg = Debug|Any CPU
		{B1460DFC-8A93-41D5-BC27-D3011213B27C}.Debug|Any CPU.Build.0 = Debug|Any CPU
		{B1460DFC-8A93-41D5-BC27-D3011213B27C}.Release|Any CPU.ActiveCfg = Release|Any CPU
		{B1460DFC-8A93-41D5-BC27-D3011213B27C}.Release|Any CPU.Build.0 = Release|Any CPU
		{703248D3-288A-4774-BD60-512FEA3B9C39}.Debug|Any CPU.ActiveCfg = Debug|Any CPU
		{703248D3-288A-4774-BD60-512FEA3B9C39}.Debug|Any CPU.Build.0 = Debug|Any CPU
		{703248D3-288A-4774-BD60-512FEA3B9C39}.Release|Any CPU.ActiveCfg = Release|Any CPU
		{703248D3-288A-4774-BD60-512FEA3B9C39}.Release|Any CPU.Build.0 = Release|Any CPU
		{9D74DA15-D534-481E-B70C-54F26BF40988}.Debug|Any CPU.ActiveCfg = Debug|Any CPU
		{9D74DA15-D534-481E-B70C-54F26BF40988}.Debug|Any CPU.Build.0 = Debug|Any CPU
		{9D74DA15-D534-481E-B70C-54F26BF40988}.Release|Any CPU.ActiveCfg = Release|Any CPU
		{9D74DA15-D534-481E-B70C-54F26BF40988}.Release|Any CPU.Build.0 = Release|Any CPU
		{1DA9F2EB-4CD0-45CD-883A-F9ED90025B09}.Debug|Any CPU.ActiveCfg = Debug|Any CPU
		{1DA9F2EB-4CD0-45CD-883A-F9ED90025B09}.Debug|Any CPU.Build.0 = Debug|Any CPU
		{1DA9F2EB-4CD0-45CD-883A-F9ED90025B09}.Release|Any CPU.ActiveCfg = Release|Any CPU
		{1DA9F2EB-4CD0-45CD-883A-F9ED90025B09}.Release|Any CPU.Build.0 = Release|Any CPU
		{2566B55A-BF66-43D5-9857-A9D0E00A660D}.Debug|Any CPU.ActiveCfg = Debug|Any CPU
		{2566B55A-BF66-43D5-9857-A9D0E00A660D}.Debug|Any CPU.Build.0 = Debug|Any CPU
		{2566B55A-BF66-43D5-9857-A9D0E00A660D}.Release|Any CPU.ActiveCfg = Release|Any CPU
		{2566B55A-BF66-43D5-9857-A9D0E00A660D}.Release|Any CPU.Build.0 = Release|Any CPU
		{917E77A1-EDA3-4782-86E8-6D53B61A1C73}.Debug|Any CPU.ActiveCfg = Debug|Any CPU
		{917E77A1-EDA3-4782-86E8-6D53B61A1C73}.Debug|Any CPU.Build.0 = Debug|Any CPU
		{917E77A1-EDA3-4782-86E8-6D53B61A1C73}.Release|Any CPU.ActiveCfg = Release|Any CPU
		{917E77A1-EDA3-4782-86E8-6D53B61A1C73}.Release|Any CPU.Build.0 = Release|Any CPU
		{151F5ABE-35C6-4B9A-B3B9-C8966543E6EA}.Debug|Any CPU.ActiveCfg = Debug|Any CPU
		{151F5ABE-35C6-4B9A-B3B9-C8966543E6EA}.Debug|Any CPU.Build.0 = Debug|Any CPU
		{151F5ABE-35C6-4B9A-B3B9-C8966543E6EA}.Release|Any CPU.ActiveCfg = Release|Any CPU
		{151F5ABE-35C6-4B9A-B3B9-C8966543E6EA}.Release|Any CPU.Build.0 = Release|Any CPU
		{C354B9B8-6BF5-48F4-B6DB-DE2DFB82F849}.Debug|Any CPU.ActiveCfg = Debug|Any CPU
		{C354B9B8-6BF5-48F4-B6DB-DE2DFB82F849}.Debug|Any CPU.Build.0 = Debug|Any CPU
		{C354B9B8-6BF5-48F4-B6DB-DE2DFB82F849}.Release|Any CPU.ActiveCfg = Release|Any CPU
		{C354B9B8-6BF5-48F4-B6DB-DE2DFB82F849}.Release|Any CPU.Build.0 = Release|Any CPU
		{590B4300-6D61-4249-84EA-30B1A75DA08E}.Debug|Any CPU.ActiveCfg = Debug|Any CPU
		{590B4300-6D61-4249-84EA-30B1A75DA08E}.Debug|Any CPU.Build.0 = Debug|Any CPU
		{590B4300-6D61-4249-84EA-30B1A75DA08E}.Release|Any CPU.ActiveCfg = Release|Any CPU
		{590B4300-6D61-4249-84EA-30B1A75DA08E}.Release|Any CPU.Build.0 = Release|Any CPU
		{492EADDF-43CF-4D5F-80A5-9327113485DF}.Debug|Any CPU.ActiveCfg = Debug|Any CPU
		{492EADDF-43CF-4D5F-80A5-9327113485DF}.Debug|Any CPU.Build.0 = Debug|Any CPU
		{492EADDF-43CF-4D5F-80A5-9327113485DF}.Release|Any CPU.ActiveCfg = Release|Any CPU
		{492EADDF-43CF-4D5F-80A5-9327113485DF}.Release|Any CPU.Build.0 = Release|Any CPU
		{6C8FA543-7A8E-40F2-921A-9496A9554ED3}.Debug|Any CPU.ActiveCfg = Debug|Any CPU
		{6C8FA543-7A8E-40F2-921A-9496A9554ED3}.Debug|Any CPU.Build.0 = Debug|Any CPU
		{6C8FA543-7A8E-40F2-921A-9496A9554ED3}.Release|Any CPU.ActiveCfg = Release|Any CPU
		{6C8FA543-7A8E-40F2-921A-9496A9554ED3}.Release|Any CPU.Build.0 = Release|Any CPU
		{42AF7932-D898-44F5-B3FE-212BC55243AD}.Debug|Any CPU.ActiveCfg = Debug|Any CPU
		{42AF7932-D898-44F5-B3FE-212BC55243AD}.Debug|Any CPU.Build.0 = Debug|Any CPU
		{42AF7932-D898-44F5-B3FE-212BC55243AD}.Release|Any CPU.ActiveCfg = Release|Any CPU
		{42AF7932-D898-44F5-B3FE-212BC55243AD}.Release|Any CPU.Build.0 = Release|Any CPU
		{E68560E1-A095-432E-9A39-04F2191D90F3}.Debug|Any CPU.ActiveCfg = Debug|Any CPU
		{E68560E1-A095-432E-9A39-04F2191D90F3}.Debug|Any CPU.Build.0 = Debug|Any CPU
		{E68560E1-A095-432E-9A39-04F2191D90F3}.Release|Any CPU.ActiveCfg = Release|Any CPU
		{E68560E1-A095-432E-9A39-04F2191D90F3}.Release|Any CPU.Build.0 = Release|Any CPU
		{FEA754E6-9299-4363-B090-B8AD657DC5E7}.Debug|Any CPU.ActiveCfg = Debug|Any CPU
		{FEA754E6-9299-4363-B090-B8AD657DC5E7}.Debug|Any CPU.Build.0 = Debug|Any CPU
		{FEA754E6-9299-4363-B090-B8AD657DC5E7}.Release|Any CPU.ActiveCfg = Release|Any CPU
		{FEA754E6-9299-4363-B090-B8AD657DC5E7}.Release|Any CPU.Build.0 = Release|Any CPU
		{775AB703-02B6-4615-BBB7-6ACE8C9D27DA}.Debug|Any CPU.ActiveCfg = Debug|Any CPU
		{775AB703-02B6-4615-BBB7-6ACE8C9D27DA}.Debug|Any CPU.Build.0 = Debug|Any CPU
		{775AB703-02B6-4615-BBB7-6ACE8C9D27DA}.Release|Any CPU.ActiveCfg = Release|Any CPU
		{775AB703-02B6-4615-BBB7-6ACE8C9D27DA}.Release|Any CPU.Build.0 = Release|Any CPU
		{DD4DD094-ED02-4402-B24F-19391114ECA2}.Debug|Any CPU.ActiveCfg = Debug|Any CPU
		{DD4DD094-ED02-4402-B24F-19391114ECA2}.Debug|Any CPU.Build.0 = Debug|Any CPU
		{DD4DD094-ED02-4402-B24F-19391114ECA2}.Release|Any CPU.ActiveCfg = Release|Any CPU
		{DD4DD094-ED02-4402-B24F-19391114ECA2}.Release|Any CPU.Build.0 = Release|Any CPU
		{983CE938-2308-449B-9624-35B14A7AF399}.Debug|Any CPU.ActiveCfg = Debug|Any CPU
		{983CE938-2308-449B-9624-35B14A7AF399}.Debug|Any CPU.Build.0 = Debug|Any CPU
		{983CE938-2308-449B-9624-35B14A7AF399}.Release|Any CPU.ActiveCfg = Release|Any CPU
		{983CE938-2308-449B-9624-35B14A7AF399}.Release|Any CPU.Build.0 = Release|Any CPU
		{875240FE-FC29-490B-84D5-35FB5E6FA43D}.Debug|Any CPU.ActiveCfg = Debug|Any CPU
		{875240FE-FC29-490B-84D5-35FB5E6FA43D}.Debug|Any CPU.Build.0 = Debug|Any CPU
		{875240FE-FC29-490B-84D5-35FB5E6FA43D}.Release|Any CPU.ActiveCfg = Release|Any CPU
		{875240FE-FC29-490B-84D5-35FB5E6FA43D}.Release|Any CPU.Build.0 = Release|Any CPU
		{646E703E-3857-409B-9AE0-955103836D37}.Debug|Any CPU.ActiveCfg = Debug|Any CPU
		{646E703E-3857-409B-9AE0-955103836D37}.Debug|Any CPU.Build.0 = Debug|Any CPU
		{646E703E-3857-409B-9AE0-955103836D37}.Release|Any CPU.ActiveCfg = Release|Any CPU
		{646E703E-3857-409B-9AE0-955103836D37}.Release|Any CPU.Build.0 = Release|Any CPU
		{83D88868-1D1C-4961-920C-2A44FABA8BD6}.Debug|Any CPU.ActiveCfg = Debug|Any CPU
		{83D88868-1D1C-4961-920C-2A44FABA8BD6}.Debug|Any CPU.Build.0 = Debug|Any CPU
		{83D88868-1D1C-4961-920C-2A44FABA8BD6}.Release|Any CPU.ActiveCfg = Release|Any CPU
		{83D88868-1D1C-4961-920C-2A44FABA8BD6}.Release|Any CPU.Build.0 = Release|Any CPU
		{D065D300-8423-4583-81B5-A184C74D03B9}.Debug|Any CPU.ActiveCfg = Debug|Any CPU
		{D065D300-8423-4583-81B5-A184C74D03B9}.Debug|Any CPU.Build.0 = Debug|Any CPU
		{D065D300-8423-4583-81B5-A184C74D03B9}.Release|Any CPU.ActiveCfg = Release|Any CPU
		{D065D300-8423-4583-81B5-A184C74D03B9}.Release|Any CPU.Build.0 = Release|Any CPU
		{113C4985-1216-4FD5-A273-9817E8309B5D}.Debug|Any CPU.ActiveCfg = Debug|Any CPU
		{113C4985-1216-4FD5-A273-9817E8309B5D}.Debug|Any CPU.Build.0 = Debug|Any CPU
		{113C4985-1216-4FD5-A273-9817E8309B5D}.Release|Any CPU.ActiveCfg = Release|Any CPU
		{113C4985-1216-4FD5-A273-9817E8309B5D}.Release|Any CPU.Build.0 = Release|Any CPU
		{BCD46A64-E2AB-487D-83DF-07FEBA7F10BE}.Debug|Any CPU.ActiveCfg = Debug|Any CPU
		{BCD46A64-E2AB-487D-83DF-07FEBA7F10BE}.Debug|Any CPU.Build.0 = Debug|Any CPU
		{BCD46A64-E2AB-487D-83DF-07FEBA7F10BE}.Release|Any CPU.ActiveCfg = Release|Any CPU
		{BCD46A64-E2AB-487D-83DF-07FEBA7F10BE}.Release|Any CPU.Build.0 = Release|Any CPU
		{DD428BC2-A0B0-44F7-9CC3-FDBDCD04F078}.Debug|Any CPU.ActiveCfg = Debug|Any CPU
		{DD428BC2-A0B0-44F7-9CC3-FDBDCD04F078}.Debug|Any CPU.Build.0 = Debug|Any CPU
		{DD428BC2-A0B0-44F7-9CC3-FDBDCD04F078}.Release|Any CPU.ActiveCfg = Release|Any CPU
		{DD428BC2-A0B0-44F7-9CC3-FDBDCD04F078}.Release|Any CPU.Build.0 = Release|Any CPU
		{01C7FC74-CD8A-4EA3-8618-3DB889BA8AFC}.Debug|Any CPU.ActiveCfg = Debug|Any CPU
		{01C7FC74-CD8A-4EA3-8618-3DB889BA8AFC}.Debug|Any CPU.Build.0 = Debug|Any CPU
		{01C7FC74-CD8A-4EA3-8618-3DB889BA8AFC}.Release|Any CPU.ActiveCfg = Release|Any CPU
		{01C7FC74-CD8A-4EA3-8618-3DB889BA8AFC}.Release|Any CPU.Build.0 = Release|Any CPU
		{2E608282-9CAC-4E28-B930-7DE8BD2D0EF2}.Debug|Any CPU.ActiveCfg = Debug|Any CPU
		{2E608282-9CAC-4E28-B930-7DE8BD2D0EF2}.Debug|Any CPU.Build.0 = Debug|Any CPU
		{2E608282-9CAC-4E28-B930-7DE8BD2D0EF2}.Release|Any CPU.ActiveCfg = Release|Any CPU
		{2E608282-9CAC-4E28-B930-7DE8BD2D0EF2}.Release|Any CPU.Build.0 = Release|Any CPU
		{2AE32ADA-B71B-4515-B25D-30A81EE3B5B5}.Debug|Any CPU.ActiveCfg = Debug|Any CPU
		{2AE32ADA-B71B-4515-B25D-30A81EE3B5B5}.Debug|Any CPU.Build.0 = Debug|Any CPU
		{2AE32ADA-B71B-4515-B25D-30A81EE3B5B5}.Release|Any CPU.ActiveCfg = Release|Any CPU
		{2AE32ADA-B71B-4515-B25D-30A81EE3B5B5}.Release|Any CPU.Build.0 = Release|Any CPU
		{0041471F-15CD-436C-9C9F-DD946E4B7A54}.Debug|Any CPU.ActiveCfg = Debug|Any CPU
		{0041471F-15CD-436C-9C9F-DD946E4B7A54}.Debug|Any CPU.Build.0 = Debug|Any CPU
		{0041471F-15CD-436C-9C9F-DD946E4B7A54}.Release|Any CPU.ActiveCfg = Release|Any CPU
		{0041471F-15CD-436C-9C9F-DD946E4B7A54}.Release|Any CPU.Build.0 = Release|Any CPU
		{6E1D342F-7C5D-48AD-BB4C-3EEBA9F5FDF3}.Debug|Any CPU.ActiveCfg = Debug|Any CPU
		{6E1D342F-7C5D-48AD-BB4C-3EEBA9F5FDF3}.Debug|Any CPU.Build.0 = Debug|Any CPU
		{6E1D342F-7C5D-48AD-BB4C-3EEBA9F5FDF3}.Release|Any CPU.ActiveCfg = Release|Any CPU
		{6E1D342F-7C5D-48AD-BB4C-3EEBA9F5FDF3}.Release|Any CPU.Build.0 = Release|Any CPU
		{1FC0CFD9-0EDC-47B4-A80D-450A67C70436}.Debug|Any CPU.ActiveCfg = Debug|Any CPU
		{1FC0CFD9-0EDC-47B4-A80D-450A67C70436}.Debug|Any CPU.Build.0 = Debug|Any CPU
		{1FC0CFD9-0EDC-47B4-A80D-450A67C70436}.Release|Any CPU.ActiveCfg = Release|Any CPU
		{1FC0CFD9-0EDC-47B4-A80D-450A67C70436}.Release|Any CPU.Build.0 = Release|Any CPU
		{BB901D9E-3557-42EA-8AD4-BB30ADC4BA4F}.Debug|Any CPU.ActiveCfg = Debug|Any CPU
		{BB901D9E-3557-42EA-8AD4-BB30ADC4BA4F}.Debug|Any CPU.Build.0 = Debug|Any CPU
		{BB901D9E-3557-42EA-8AD4-BB30ADC4BA4F}.Release|Any CPU.ActiveCfg = Release|Any CPU
		{BB901D9E-3557-42EA-8AD4-BB30ADC4BA4F}.Release|Any CPU.Build.0 = Release|Any CPU
		{4D64311D-2029-4E45-ACD7-6DBB61CFC8D1}.Debug|Any CPU.ActiveCfg = Debug|Any CPU
		{4D64311D-2029-4E45-ACD7-6DBB61CFC8D1}.Debug|Any CPU.Build.0 = Debug|Any CPU
		{4D64311D-2029-4E45-ACD7-6DBB61CFC8D1}.Release|Any CPU.ActiveCfg = Release|Any CPU
		{4D64311D-2029-4E45-ACD7-6DBB61CFC8D1}.Release|Any CPU.Build.0 = Release|Any CPU
		{35FBCDE8-BA92-4902-9B13-BACF345BE5E7}.Debug|Any CPU.ActiveCfg = Debug|Any CPU
		{35FBCDE8-BA92-4902-9B13-BACF345BE5E7}.Debug|Any CPU.Build.0 = Debug|Any CPU
		{35FBCDE8-BA92-4902-9B13-BACF345BE5E7}.Release|Any CPU.ActiveCfg = Release|Any CPU
		{35FBCDE8-BA92-4902-9B13-BACF345BE5E7}.Release|Any CPU.Build.0 = Release|Any CPU
		{3A241A03-041F-490D-B1C7-0CD759D912A6}.Debug|Any CPU.ActiveCfg = Debug|Any CPU
		{3A241A03-041F-490D-B1C7-0CD759D912A6}.Debug|Any CPU.Build.0 = Debug|Any CPU
		{3A241A03-041F-490D-B1C7-0CD759D912A6}.Release|Any CPU.ActiveCfg = Release|Any CPU
		{3A241A03-041F-490D-B1C7-0CD759D912A6}.Release|Any CPU.Build.0 = Release|Any CPU
		{13ED3E93-C15E-4B4F-8084-DE331CC08D44}.Debug|Any CPU.ActiveCfg = Debug|Any CPU
		{13ED3E93-C15E-4B4F-8084-DE331CC08D44}.Debug|Any CPU.Build.0 = Debug|Any CPU
		{13ED3E93-C15E-4B4F-8084-DE331CC08D44}.Release|Any CPU.ActiveCfg = Release|Any CPU
		{13ED3E93-C15E-4B4F-8084-DE331CC08D44}.Release|Any CPU.Build.0 = Release|Any CPU
		{B6C2DC07-A061-46FD-933D-908D9F1E4817}.Debug|Any CPU.ActiveCfg = Debug|Any CPU
		{B6C2DC07-A061-46FD-933D-908D9F1E4817}.Debug|Any CPU.Build.0 = Debug|Any CPU
		{B6C2DC07-A061-46FD-933D-908D9F1E4817}.Release|Any CPU.ActiveCfg = Release|Any CPU
		{B6C2DC07-A061-46FD-933D-908D9F1E4817}.Release|Any CPU.Build.0 = Release|Any CPU
		{F6B251A4-BC0F-4C48-8221-EC5B9DFC8139}.Debug|Any CPU.ActiveCfg = Debug|Any CPU
		{F6B251A4-BC0F-4C48-8221-EC5B9DFC8139}.Debug|Any CPU.Build.0 = Debug|Any CPU
		{F6B251A4-BC0F-4C48-8221-EC5B9DFC8139}.Release|Any CPU.ActiveCfg = Release|Any CPU
		{F6B251A4-BC0F-4C48-8221-EC5B9DFC8139}.Release|Any CPU.Build.0 = Release|Any CPU
		{FEE50953-E080-4C79-ADF9-9B32E194BE39}.Debug|Any CPU.ActiveCfg = Debug|Any CPU
		{FEE50953-E080-4C79-ADF9-9B32E194BE39}.Debug|Any CPU.Build.0 = Debug|Any CPU
		{FEE50953-E080-4C79-ADF9-9B32E194BE39}.Release|Any CPU.ActiveCfg = Release|Any CPU
		{FEE50953-E080-4C79-ADF9-9B32E194BE39}.Release|Any CPU.Build.0 = Release|Any CPU
		{F32D56F4-1D85-4430-BF8B-FBA5BB67D3F6}.Debug|Any CPU.ActiveCfg = Debug|Any CPU
		{F32D56F4-1D85-4430-BF8B-FBA5BB67D3F6}.Debug|Any CPU.Build.0 = Debug|Any CPU
		{F32D56F4-1D85-4430-BF8B-FBA5BB67D3F6}.Release|Any CPU.ActiveCfg = Release|Any CPU
		{F32D56F4-1D85-4430-BF8B-FBA5BB67D3F6}.Release|Any CPU.Build.0 = Release|Any CPU
		{DD272F18-C84D-430C-8554-A184EA94DD6F}.Debug|Any CPU.ActiveCfg = Debug|Any CPU
		{DD272F18-C84D-430C-8554-A184EA94DD6F}.Debug|Any CPU.Build.0 = Debug|Any CPU
		{DD272F18-C84D-430C-8554-A184EA94DD6F}.Release|Any CPU.ActiveCfg = Release|Any CPU
		{DD272F18-C84D-430C-8554-A184EA94DD6F}.Release|Any CPU.Build.0 = Release|Any CPU
		{AD0CE442-F9A9-4FDF-B214-DD90A211F8AD}.Debug|Any CPU.ActiveCfg = Debug|Any CPU
		{AD0CE442-F9A9-4FDF-B214-DD90A211F8AD}.Debug|Any CPU.Build.0 = Debug|Any CPU
		{AD0CE442-F9A9-4FDF-B214-DD90A211F8AD}.Release|Any CPU.ActiveCfg = Release|Any CPU
		{AD0CE442-F9A9-4FDF-B214-DD90A211F8AD}.Release|Any CPU.Build.0 = Release|Any CPU
		{B4AA29B3-7EBB-4D1E-A9DC-98BEACC41482}.Debug|Any CPU.ActiveCfg = Debug|Any CPU
		{B4AA29B3-7EBB-4D1E-A9DC-98BEACC41482}.Debug|Any CPU.Build.0 = Debug|Any CPU
		{B4AA29B3-7EBB-4D1E-A9DC-98BEACC41482}.Release|Any CPU.ActiveCfg = Release|Any CPU
		{B4AA29B3-7EBB-4D1E-A9DC-98BEACC41482}.Release|Any CPU.Build.0 = Release|Any CPU
		{D79249CB-6924-462D-AA80-BCBB5350E627}.Debug|Any CPU.ActiveCfg = Debug|Any CPU
		{D79249CB-6924-462D-AA80-BCBB5350E627}.Debug|Any CPU.Build.0 = Debug|Any CPU
		{D79249CB-6924-462D-AA80-BCBB5350E627}.Release|Any CPU.ActiveCfg = Release|Any CPU
		{D79249CB-6924-462D-AA80-BCBB5350E627}.Release|Any CPU.Build.0 = Release|Any CPU
		{B1C54395-499E-4175-9170-9C5EBA89B7CD}.Debug|Any CPU.ActiveCfg = Debug|Any CPU
		{B1C54395-499E-4175-9170-9C5EBA89B7CD}.Debug|Any CPU.Build.0 = Debug|Any CPU
		{B1C54395-499E-4175-9170-9C5EBA89B7CD}.Release|Any CPU.ActiveCfg = Release|Any CPU
		{B1C54395-499E-4175-9170-9C5EBA89B7CD}.Release|Any CPU.Build.0 = Release|Any CPU
		{D7716379-2012-4E56-9853-CDF7B8C2D5A4}.Debug|Any CPU.ActiveCfg = Debug|Any CPU
		{D7716379-2012-4E56-9853-CDF7B8C2D5A4}.Debug|Any CPU.Build.0 = Debug|Any CPU
		{D7716379-2012-4E56-9853-CDF7B8C2D5A4}.Release|Any CPU.ActiveCfg = Release|Any CPU
		{D7716379-2012-4E56-9853-CDF7B8C2D5A4}.Release|Any CPU.Build.0 = Release|Any CPU
		{38ADAD5A-A98C-4585-86D4-AE99CCEE03CD}.Debug|Any CPU.ActiveCfg = Debug|Any CPU
		{38ADAD5A-A98C-4585-86D4-AE99CCEE03CD}.Debug|Any CPU.Build.0 = Debug|Any CPU
		{38ADAD5A-A98C-4585-86D4-AE99CCEE03CD}.Release|Any CPU.ActiveCfg = Release|Any CPU
		{38ADAD5A-A98C-4585-86D4-AE99CCEE03CD}.Release|Any CPU.Build.0 = Release|Any CPU
		{00FF6369-D64C-4A32-BA54-1821AD473279}.Debug|Any CPU.ActiveCfg = Debug|Any CPU
		{00FF6369-D64C-4A32-BA54-1821AD473279}.Debug|Any CPU.Build.0 = Debug|Any CPU
		{00FF6369-D64C-4A32-BA54-1821AD473279}.Release|Any CPU.ActiveCfg = Release|Any CPU
		{00FF6369-D64C-4A32-BA54-1821AD473279}.Release|Any CPU.Build.0 = Release|Any CPU
		{5F7E0A9D-9AAE-456A-B41F-C8258ADA36C7}.Debug|Any CPU.ActiveCfg = Debug|Any CPU
		{5F7E0A9D-9AAE-456A-B41F-C8258ADA36C7}.Debug|Any CPU.Build.0 = Debug|Any CPU
		{5F7E0A9D-9AAE-456A-B41F-C8258ADA36C7}.Release|Any CPU.ActiveCfg = Release|Any CPU
		{5F7E0A9D-9AAE-456A-B41F-C8258ADA36C7}.Release|Any CPU.Build.0 = Release|Any CPU
		{5B6F1030-9A2D-4EAB-A30E-C12E78ACFE16}.Debug|Any CPU.ActiveCfg = Debug|Any CPU
		{5B6F1030-9A2D-4EAB-A30E-C12E78ACFE16}.Debug|Any CPU.Build.0 = Debug|Any CPU
		{5B6F1030-9A2D-4EAB-A30E-C12E78ACFE16}.Release|Any CPU.ActiveCfg = Release|Any CPU
		{5B6F1030-9A2D-4EAB-A30E-C12E78ACFE16}.Release|Any CPU.Build.0 = Release|Any CPU
	EndGlobalSection
	GlobalSection(SolutionProperties) = preSolution
		HideSolutionNode = FALSE
	EndGlobalSection
	GlobalSection(NestedProjects) = preSolution
		{8ADE2128-01A0-484D-8EBC-975BA3561205} = {9231F0E1-BF81-47E7-8B0F-3A7A4701B190}
		{B1460DFC-8A93-41D5-BC27-D3011213B27C} = {9231F0E1-BF81-47E7-8B0F-3A7A4701B190}
		{703248D3-288A-4774-BD60-512FEA3B9C39} = {9231F0E1-BF81-47E7-8B0F-3A7A4701B190}
		{9D74DA15-D534-481E-B70C-54F26BF40988} = {9231F0E1-BF81-47E7-8B0F-3A7A4701B190}
		{1DA9F2EB-4CD0-45CD-883A-F9ED90025B09} = {9231F0E1-BF81-47E7-8B0F-3A7A4701B190}
		{2566B55A-BF66-43D5-9857-A9D0E00A660D} = {9231F0E1-BF81-47E7-8B0F-3A7A4701B190}
		{917E77A1-EDA3-4782-86E8-6D53B61A1C73} = {9231F0E1-BF81-47E7-8B0F-3A7A4701B190}
		{151F5ABE-35C6-4B9A-B3B9-C8966543E6EA} = {9231F0E1-BF81-47E7-8B0F-3A7A4701B190}
		{C354B9B8-6BF5-48F4-B6DB-DE2DFB82F849} = {9231F0E1-BF81-47E7-8B0F-3A7A4701B190}
		{590B4300-6D61-4249-84EA-30B1A75DA08E} = {9231F0E1-BF81-47E7-8B0F-3A7A4701B190}
		{6C8FA543-7A8E-40F2-921A-9496A9554ED3} = {9231F0E1-BF81-47E7-8B0F-3A7A4701B190}
		{42AF7932-D898-44F5-B3FE-212BC55243AD} = {9231F0E1-BF81-47E7-8B0F-3A7A4701B190}
		{E68560E1-A095-432E-9A39-04F2191D90F3} = {9231F0E1-BF81-47E7-8B0F-3A7A4701B190}
		{FEA754E6-9299-4363-B090-B8AD657DC5E7} = {9231F0E1-BF81-47E7-8B0F-3A7A4701B190}
		{775AB703-02B6-4615-BBB7-6ACE8C9D27DA} = {9231F0E1-BF81-47E7-8B0F-3A7A4701B190}
		{DD4DD094-ED02-4402-B24F-19391114ECA2} = {9231F0E1-BF81-47E7-8B0F-3A7A4701B190}
		{983CE938-2308-449B-9624-35B14A7AF399} = {2C7C300A-138E-48F5-8323-52EA5A6108A6}
		{875240FE-FC29-490B-84D5-35FB5E6FA43D} = {2C7C300A-138E-48F5-8323-52EA5A6108A6}
		{646E703E-3857-409B-9AE0-955103836D37} = {2C7C300A-138E-48F5-8323-52EA5A6108A6}
		{83D88868-1D1C-4961-920C-2A44FABA8BD6} = {2C7C300A-138E-48F5-8323-52EA5A6108A6}
		{D065D300-8423-4583-81B5-A184C74D03B9} = {2C7C300A-138E-48F5-8323-52EA5A6108A6}
		{113C4985-1216-4FD5-A273-9817E8309B5D} = {2C7C300A-138E-48F5-8323-52EA5A6108A6}
		{BCD46A64-E2AB-487D-83DF-07FEBA7F10BE} = {2C7C300A-138E-48F5-8323-52EA5A6108A6}
		{DD428BC2-A0B0-44F7-9CC3-FDBDCD04F078} = {2C7C300A-138E-48F5-8323-52EA5A6108A6}
		{01C7FC74-CD8A-4EA3-8618-3DB889BA8AFC} = {2C7C300A-138E-48F5-8323-52EA5A6108A6}
		{2E608282-9CAC-4E28-B930-7DE8BD2D0EF2} = {2C7C300A-138E-48F5-8323-52EA5A6108A6}
		{2AE32ADA-B71B-4515-B25D-30A81EE3B5B5} = {2C7C300A-138E-48F5-8323-52EA5A6108A6}
		{0041471F-15CD-436C-9C9F-DD946E4B7A54} = {2C7C300A-138E-48F5-8323-52EA5A6108A6}
		{6E1D342F-7C5D-48AD-BB4C-3EEBA9F5FDF3} = {2C7C300A-138E-48F5-8323-52EA5A6108A6}
		{1FC0CFD9-0EDC-47B4-A80D-450A67C70436} = {2C7C300A-138E-48F5-8323-52EA5A6108A6}
		{BB901D9E-3557-42EA-8AD4-BB30ADC4BA4F} = {2C7C300A-138E-48F5-8323-52EA5A6108A6}
		{4D64311D-2029-4E45-ACD7-6DBB61CFC8D1} = {2C7C300A-138E-48F5-8323-52EA5A6108A6}
		{35FBCDE8-BA92-4902-9B13-BACF345BE5E7} = {2C7C300A-138E-48F5-8323-52EA5A6108A6}
		{3A241A03-041F-490D-B1C7-0CD759D912A6} = {2C7C300A-138E-48F5-8323-52EA5A6108A6}
		{13ED3E93-C15E-4B4F-8084-DE331CC08D44} = {2C7C300A-138E-48F5-8323-52EA5A6108A6}
		{B6C2DC07-A061-46FD-933D-908D9F1E4817} = {2C7C300A-138E-48F5-8323-52EA5A6108A6}
		{F6B251A4-BC0F-4C48-8221-EC5B9DFC8139} = {2C7C300A-138E-48F5-8323-52EA5A6108A6}
		{FEE50953-E080-4C79-ADF9-9B32E194BE39} = {2C7C300A-138E-48F5-8323-52EA5A6108A6}
		{F32D56F4-1D85-4430-BF8B-FBA5BB67D3F6} = {2C7C300A-138E-48F5-8323-52EA5A6108A6}
		{DD272F18-C84D-430C-8554-A184EA94DD6F} = {2C7C300A-138E-48F5-8323-52EA5A6108A6}
		{AD0CE442-F9A9-4FDF-B214-DD90A211F8AD} = {2C7C300A-138E-48F5-8323-52EA5A6108A6}
		{B4AA29B3-7EBB-4D1E-A9DC-98BEACC41482} = {2C7C300A-138E-48F5-8323-52EA5A6108A6}
		{D79249CB-6924-462D-AA80-BCBB5350E627} = {2C7C300A-138E-48F5-8323-52EA5A6108A6}
		{B1C54395-499E-4175-9170-9C5EBA89B7CD} = {2C7C300A-138E-48F5-8323-52EA5A6108A6}
		{D7716379-2012-4E56-9853-CDF7B8C2D5A4} = {2C7C300A-138E-48F5-8323-52EA5A6108A6}
		{38ADAD5A-A98C-4585-86D4-AE99CCEE03CD} = {2C7C300A-138E-48F5-8323-52EA5A6108A6}
		{5F7E0A9D-9AAE-456A-B41F-C8258ADA36C7} = {2C7C300A-138E-48F5-8323-52EA5A6108A6}
	EndGlobalSection
EndGlobal
